
Microsoft Visual Studio Solution File, Format Version 12.00
# Visual Studio Version 17
VisualStudioVersion = 17.11.35312.102
MinimumVisualStudioVersion = 10.0.40219.1
Project("{9A19103F-16F7-4668-BE54-9A1E7A4F7556}") = "FitskedApp", "FitskedApp\FitskedApp.csproj", "{83E4BF03-61F2-4D43-A6DE-0B93CB1C1233}"
EndProject
Project("{9A19103F-16F7-4668-BE54-9A1E7A4F7556}") = "FitskedApp.Client", "FitskedApp.Client\FitskedApp.Client.csproj", "{8A23A219-D4E4-4CC1-85EC-C0A0579DA180}"
EndProject
Project("{9A19103F-16F7-4668-BE54-9A1E7A4F7556}") = "FitskedApp.Test", "FitskedApp.Test\FitskedApp.Test.csproj", "{02D8F985-6B0D-4922-8494-ACDE40F4F5FA}"
EndProject
Global
	GlobalSection(SolutionConfigurationPlatforms) = preSolution
		Debug|Any CPU = Debug|Any CPU
		Release|Any CPU = Release|Any CPU
	EndGlobalSection
	GlobalSection(ProjectConfigurationPlatforms) = postSolution
		{83E4BF03-61F2-4D43-A6DE-0B93CB1C1233}.Debug|Any CPU.ActiveCfg = Debug|Any CPU
		{83E4BF03-61F2-4D43-A6DE-0B93CB1C1233}.Debug|Any CPU.Build.0 = Debug|Any CPU
		{83E4BF03-61F2-4D43-A6DE-0B93CB1C1233}.Release|Any CPU.ActiveCfg = Release|Any CPU
		{83E4BF03-61F2-4D43-A6DE-0B93CB1C1233}.Release|Any CPU.Build.0 = Release|Any CPU
		{8A23A219-D4E4-4CC1-85EC-C0A0579DA180}.Debug|Any CPU.ActiveCfg = Debug|Any CPU
		{8A23A219-D4E4-4CC1-85EC-C0A0579DA180}.Debug|Any CPU.Build.0 = Debug|Any CPU
		{8A23A219-D4E4-4CC1-85EC-C0A0579DA180}.Release|Any CPU.ActiveCfg = Release|Any CPU
		{8A23A219-D4E4-4CC1-85EC-C0A0579DA180}.Release|Any CPU.Build.0 = Release|Any CPU
		{02D8F985-6B0D-4922-8494-ACDE40F4F5FA}.Debug|Any CPU.ActiveCfg = Debug|Any CPU
		{02D8F985-6B0D-4922-8494-ACDE40F4F5FA}.Debug|Any CPU.Build.0 = Debug|Any CPU
		{02D8F985-6B0D-4922-8494-ACDE40F4F5FA}.Release|Any CPU.ActiveCfg = Release|Any CPU
		{02D8F985-6B0D-4922-8494-ACDE40F4F5FA}.Release|Any CPU.Build.0 = Release|Any CPU
	EndGlobalSection
	GlobalSection(SolutionProperties) = preSolution
		HideSolutionNode = FALSE
	EndGlobalSection
	GlobalSection(ExtensibilityGlobals) = postSolution
		SolutionGuid = {2805E06C-0FA8-4F30-BAED-AE98CD40AF20}
	EndGlobalSection
EndGlobal
